version = 1
revision = 3
requires-python = ">=3.11"

[[package]]
name = "async-timeout"
version = "5.0.1"
source = { registry = "https://pypi.org/simple" }
sdist = { url = "https://files.pythonhosted.org/packages/a5/ae/136395dfbfe00dfc94da3f3e136d0b13f394cba8f4841120e34226265780/async_timeout-5.0.1.tar.gz", hash = "sha256:d9321a7a3d5a6a5e187e824d2fa0793ce379a202935782d555d6e9d2735677d3", size = 9274, upload-time = "2024-11-06T16:41:39.6Z" }
wheels = [
    { url = "https://files.pythonhosted.org/packages/fe/ba/e2081de779ca30d473f21f5b30e0e737c438205440784c7dfc81efc2b029/async_timeout-5.0.1-py3-none-any.whl", hash = "sha256:39e3809566ff85354557ec2398b55e096c8364bacac9405a7a1fa429e77fe76c", size = 6233, upload-time = "2024-11-06T16:41:37.9Z" },
]

[[package]]
name = "attrs"
version = "26.1.0"
source = { registry = "https://pypi.org/simple" }
sdist = { url = "https://files.pythonhosted.org/packages/9a/8e/82a0fe20a541c03148528be8cac2408564a6c9a0cc7e9171802bc1d26985/attrs-26.1.0.tar.gz", hash = "sha256:d03ceb89cb322a8fd706d4fb91940737b6642aa36998fe130a9bc96c985eff32", size = 952055, upload-time = "2026-03-19T14:22:25.026Z" }
wheels = [
    { url = "https://files.pythonhosted.org/packages/64/b4/17d4b0b2a2dc85a6df63d1157e028ed19f90d4cd97c36717afef2bc2f395/attrs-26.1.0-py3-none-any.whl", hash = "sha256:c647aa4a12dfbad9333ca4e71fe62ddc36f4e63b2d260a37a8b83d2f043ac309", size = 67548, upload-time = "2026-03-19T14:22:23.645Z" },
]

[[package]]
name = "aws-cdk-asset-awscli-v1"
version = "2.2.282"
source = { registry = "https://pypi.org/simple" }
dependencies = [
    { name = "jsii" },
    { name = "publication" },
    { name = "typeguard" },
]
sdist = { url = "https://files.pythonhosted.org/packages/b1/30/90558d9e05c2b1a5a8d7d87332b4bed4a2e5d2eb04cc7064f6e9e0c8a2f2/aws_cdk_asset_awscli_v1-2.2.282.tar.gz", hash = "sha256:f86e61653927f77fb235b5ec148c955c610117430c869d182c8b20f7e07e2df2", size = 20740538, upload-time = "2026-05-25T21:33:20.444Z" }
wheels = [
    { url = "https://files.pythonhosted.org/packages/c5/86/dcb45969f1b34351cfd9afdb6b35bff38a3e929c8bc42b07036879f3a62e/aws_cdk_asset_awscli_v1-2.2.282-py3-none-any.whl", hash = "sha256:24139da0eb1be59f8cfda22c6343d51e8d50bb89b5052b049cfab92683de7790", size = 20738955, upload-time = "2026-05-25T21:33:17.673Z" },
]

[[package]]
name = "aws-cdk-asset-node-proxy-agent-v6"
version = "2.1.2"
source = { registry = "https://pypi.org/simple" }
dependencies = [
    { name = "jsii" },
    { name = "publication" },
    { name = "typeguard" },
]
sdist = { url = "https://files.pythonhosted.org/packages/10/e3/92e49ecaa002b4ac54371538991389c248577cbae7394ea9d1261ff41078/aws_cdk_asset_node_proxy_agent_v6-2.1.2.tar.gz", hash = "sha256:1340588dd351dcae37e07188f39075364f73ccde6ed9468c1184b06ada4af665", size = 1534674, upload-time = "2026-05-15T08:14:19.895Z" }
wheels = [
    { url = "https://files.pythonhosted.org/packages/1e/06/29837eb8ae4dc82ed2e593e4b24449394393b9a8a247b0ce2cee811e5cbb/aws_cdk_asset_node_proxy_agent_v6-2.1.2-py3-none-any.whl", hash = "sha256:1028bff16fdb87b8c82404e9b48f32ed383429dece84067f47379c4049da5da4", size = 1533233, upload-time = "2026-05-15T08:14:17.622Z" },
]

[[package]]
name = "aws-cdk-cloud-assembly-schema"
version = "54.2.0"
source = { registry = "https://pypi.org/simple" }
dependencies = [
    { name = "jsii" },
    { name = "publication" },
    { name = "typeguard" },
]
sdist = { url = "https://files.pythonhosted.org/packages/ec/5d/7538ff6eef7a19a80e13b2cac7171363413fc43161be46a2dffafa279a13/aws_cdk_cloud_assembly_schema-54.2.0.tar.gz", hash = "sha256:2e3a05fca6a28f49811b7b011fce12b03dd0adb15c37a0ad2d1b16d8d66fe95a", size = 281364, upload-time = "2026-06-03T16:16:27.833Z" }
wheels = [
    { url = "https://files.pythonhosted.org/packages/1e/32/0fecbc4056cc72642189d0f93aebae71501119f56503f2812c77cf8d5b5d/aws_cdk_cloud_assembly_schema-54.2.0-py3-none-any.whl", hash = "sha256:a7038bffa1aaf3365b72147987396bcf0b9951c3b53b2eebfc181b7cb4227067", size = 280444, upload-time = "2026-06-03T16:16:24.697Z" },
]

[[package]]
name = "aws-cdk-lib"
version = "2.258.0"
source = { registry = "https://pypi.org/simple" }
dependencies = [
    { name = "aws-cdk-asset-awscli-v1" },
    { name = "aws-cdk-asset-node-proxy-agent-v6" },
    { name = "aws-cdk-cloud-assembly-schema" },
    { name = "constructs" },
    { name = "jsii" },
    { name = "publication" },
    { name = "typeguard" },
]
sdist = { url = "https://files.pythonhosted.org/packages/1e/b1/3a41b542274379dfcf4bdd678e28906fe0f6c4fe24bac18b29c9aa11d0c7/aws_cdk_lib-2.258.0.tar.gz", hash = "sha256:415153ab4f22f1e14163c1b1b39fa1835a8afb77d18cb16c0653caef5a40055a", size = 50799367, upload-time = "2026-06-04T20:34:19.773Z" }
wheels = [
    { url = "https://files.pythonhosted.org/packages/6f/d3/b326b14262f7e57bb214f6a1eb3d23eb6838a90c8009d8dd38b6de203abf/aws_cdk_lib-2.258.0-py3-none-any.whl", hash = "sha256:aacd129577b8cb294d37f678778d427e03ee2cc9c4b0283fe1baf0d576655f9a", size = 51488515, upload-time = "2026-06-04T20:33:38.834Z" },
]

[[package]]
name = "boto3"
version = "1.43.24"
source = { registry = "https://pypi.org/simple" }
dependencies = [
    { name = "botocore" },
    { name = "jmespath" },
    { name = "s3transfer" },
]
sdist = { url = "https://files.pythonhosted.org/packages/f3/8f/94dfa39ec618ecb2fe5b5b79428c95100e3ae3c1aa5083c283dd3cfb5ecd/boto3-1.43.24.tar.gz", hash = "sha256:ba5afa266bf7265e0c1a454fcfd48bffe5939cb16ed223bebc669c3dc8ee0bc8", size = 113154, upload-time = "2026-06-05T19:30:01.635Z" }
wheels = [
    { url = "https://files.pythonhosted.org/packages/59/b7/e66c9b37b96153aa371fe48d24194151293f6577dd3eaa1fc146c281456d/boto3-1.43.24-py3-none-any.whl", hash = "sha256:b18ef745274ef548a9660d733d985d4a971b16bd8a6af88165ea9d0e40913b86", size = 140536, upload-time = "2026-06-05T19:29:58.968Z" },
]

[[package]]
name = "botocore"
version = "1.43.24"
source = { registry = "https://pypi.org/simple" }
dependencies = [
    { name = "jmespath" },
    { name = "python-dateutil" },
    { name = "urllib3" },
]
sdist = { url = "https://files.pythonhosted.org/packages/78/67/55d0611b341482bc9649d16df765f849a1862184ac3709356decf632279f/botocore-1.43.24.tar.gz", hash = "sha256:0c02f2b40e99419d496ece0ea2dcdedb5c45998c16fd1674276c7dbb30767a16", size = 15471690, upload-time = "2026-06-05T19:29:33.731Z" }
wheels = [
    { url = "https://files.pythonhosted.org/packages/c9/b7/360b5afe74c4d7cff871ea6e8f335e2e11de2945c9deb1eea6438f49faa2/botocore-1.43.24-py3-none-any.whl", hash = "sha256:42903b4bfafd8f15a735ed940473f28e4ba21b2ea67a9b9aaa11dfa7fcb19fd5", size = 15155182, upload-time = "2026-06-05T19:29:29.457Z" },
]

[[package]]
name = "cattrs"
version = "26.1.0"
source = { registry = "https://pypi.org/simple" }
dependencies = [
    { name = "attrs" },
    { name = "typing-extensions" },
]
sdist = { url = "https://files.pythonhosted.org/packages/a0/ec/ba18945e7d6e55a58364d9fb2e46049c1c2998b3d805f19b703f14e81057/cattrs-26.1.0.tar.gz", hash = "sha256:fa239e0f0ec0715ba34852ce813986dfed1e12117e209b816ab87401271cdd40", size = 495672, upload-time = "2026-02-18T22:15:19.406Z" }
wheels = [
    { url = "https://files.pythonhosted.org/packages/80/56/60547f7801b97c67e97491dc3d9ade9fbccbd0325058fd3dfcb2f5d98d90/cattrs-26.1.0-py3-none-any.whl", hash = "sha256:d1e0804c42639494d469d08d4f26d6b9de9b8ab26b446db7b5f8c2e97f7c3096", size = 73054, upload-time = "2026-02-18T22:15:17.958Z" },
]

[[package]]
name = "colorama"
version = "0.4.6"
source = { registry = "https://pypi.org/simple" }
sdist = { url = "https://files.pythonhosted.org/packages/d8/53/6f443c9a4a8358a93a6792e2acffb9d9d5cb0a5cfd8802644b7b1c9a02e4/colorama-0.4.6.tar.gz", hash = "sha256:08695f5cb7ed6e0531a20572697297273c47b8cae5a63ffc6d6ed5c201be6e44", size = 27697, upload-time = "2022-10-25T02:36:22.414Z" }
wheels = [
    { url = "https://files.pythonhosted.org/packages/d1/d6/3965ed04c63042e047cb6a3e6ed1a63a35087b6a609aa3a15ed8ac56c221/colorama-0.4.6-py2.py3-none-any.whl", hash = "sha256:4f1d9991f5acc0ca119f9d443620b77f9d6b33703e51011c16baf57afb285fc6", size = 25335, upload-time = "2022-10-25T02:36:20.889Z" },
]

[[package]]
name = "constructs"
version = "10.6.0"
source = { registry = "https://pypi.org/simple" }
dependencies = [
    { name = "jsii" },
    { name = "publication" },
    { name = "typeguard" },
]
sdist = { url = "https://files.pythonhosted.org/packages/91/13/f57364d14c818108a47e124d1a4cfbee7c9f69ab1263ab59a7087028be18/constructs-10.6.0.tar.gz", hash = "sha256:bc55d1d390142424861e5ff5c6b8c243c4bae18fe7302e0939c2003f329ba365", size = 68788, upload-time = "2026-03-23T09:00:54.242Z" }
wheels = [
    { url = "https://files.pythonhosted.org/packages/fc/38/6de46d122a2fcd275a5f1fa4ad1d8d2058afd6b72d8db5f0c125515cbb5c/constructs-10.6.0-py3-none-any.whl", hash = "sha256:ad4ffabdb53c17cde00fb94e441a1ba9fddac57c92ad49d263f8dbd416cec513", size = 66969, upload-time = "2026-03-23T09:00:53.041Z" },
]

[[package]]
name = "iniconfig"
version = "2.3.0"
source = { registry = "https://pypi.org/simple" }
sdist = { url = "https://files.pythonhosted.org/packages/72/34/14ca021ce8e5dfedc35312d08ba8bf51fdd999c576889fc2c24cb97f4f10/iniconfig-2.3.0.tar.gz", hash = "sha256:c76315c77db068650d49c5b56314774a7804df16fee4402c1f19d6d15d8c4730", size = 20503, upload-time = "2025-10-18T21:55:43.219Z" }
wheels = [
    { url = "https://files.pythonhosted.org/packages/cb/b1/3846dd7f199d53cb17f49cba7e651e9ce294d8497c8c150530ed11865bb8/iniconfig-2.3.0-py3-none-any.whl", hash = "sha256:f631c04d2c48c52b84d0d0549c99ff3859c98df65b3101406327ecc7d53fbf12", size = 7484, upload-time = "2025-10-18T21:55:41.639Z" },
]

[[package]]
name = "jmespath"
version = "1.1.0"
source = { registry = "https://pypi.org/simple" }
sdist = { url = "https://files.pythonhosted.org/packages/d3/59/322338183ecda247fb5d1763a6cbe46eff7222eaeebafd9fa65d4bf5cb11/jmespath-1.1.0.tar.gz", hash = "sha256:472c87d80f36026ae83c6ddd0f1d05d4e510134ed462851fd5f754c8c3cbb88d", size = 27377, upload-time = "2026-01-22T16:35:26.279Z" }
wheels = [
    { url = "https://files.pythonhosted.org/packages/14/2f/967ba146e6d58cf6a652da73885f52fc68001525b4197effc174321d70b4/jmespath-1.1.0-py3-none-any.whl", hash = "sha256:a5663118de4908c91729bea0acadca56526eb2698e83de10cd116ae0f4e97c64", size = 20419, upload-time = "2026-01-22T16:35:24.919Z" },
]

[[package]]
name = "jsii"
version = "1.134.0"
source = { registry = "https://pypi.org/simple" }
dependencies = [
    { name = "attrs" },
    { name = "cattrs" },
    { name = "publication" },
    { name = "python-dateutil" },
    { name = "typeguard" },
    { name = "typing-extensions" },
]
sdist = { url = "https://files.pythonhosted.org/packages/7b/d3/930a9e4c09a5ef8b9a9d2a54a480a215b2ac16277089b80451998f4c54b3/jsii-1.134.0.tar.gz", hash = "sha256:22aa450dc9538952453dcd4e51de0b9e92e3c94a6b4e468832acbcbd7b124b57", size = 448323, upload-time = "2026-06-03T19:05:01.19Z" }
wheels = [
    { url = "https://files.pythonhosted.org/packages/c9/fc/4d6a3936fc36753c2b9da33fb9816e9928bd93cabefdd9923b8f79a7a169/jsii-1.134.0-py3-none-any.whl", hash = "sha256:c2288ce3568222883e1620dc9c2f2477331d36a4925a84711cf48297ee13cb50", size = 421348, upload-time = "2026-06-03T19:04:59.768Z" },
]

[[package]]
name = "packaging"
version = "26.2"
source = { registry = "https://pypi.org/simple" }
sdist = { url = "https://files.pythonhosted.org/packages/d7/f1/e7a6dd94a8d4a5626c03e4e99c87f241ba9e350cd9e6d75123f992427270/packaging-26.2.tar.gz", hash = "sha256:ff452ff5a3e828ce110190feff1178bb1f2ea2281fa2075aadb987c2fb221661", size = 228134, upload-time = "2026-04-24T20:15:23.917Z" }
wheels = [
    { url = "https://files.pythonhosted.org/packages/df/b2/87e62e8c3e2f4b32e5fe99e0b86d576da1312593b39f47d8ceef365e95ed/packaging-26.2-py3-none-any.whl", hash = "sha256:5fc45236b9446107ff2415ce77c807cee2862cb6fac22b8a73826d0693b0980e", size = 100195, upload-time = "2026-04-24T20:15:22.081Z" },
]

[[package]]
name = "pluggy"
version = "1.6.0"
source = { registry = "https://pypi.org/simple" }
sdist = { url = "https://files.pythonhosted.org/packages/f9/e2/3e91f31a7d2b083fe6ef3fa267035b518369d9511ffab804f839851d2779/pluggy-1.6.0.tar.gz", hash = "sha256:7dcc130b76258d33b90f61b658791dede3486c3e6bfb003ee5c9bfb396dd22f3", size = 69412, upload-time = "2025-05-15T12:30:07.975Z" }
wheels = [
    { url = "https://files.pythonhosted.org/packages/54/20/4d324d65cc6d9205fabedc306948156824eb9f0ee1633355a8f7ec5c66bf/pluggy-1.6.0-py3-none-any.whl", hash = "sha256:e920276dd6813095e9377c0bc5566d94c932c33b27a3e3945d8389c374dd4746", size = 20538, upload-time = "2025-05-15T12:30:06.134Z" },
]

[[package]]
name = "publication"
version = "0.0.3"
source = { registry = "https://pypi.org/simple" }
sdist = { url = "https://files.pythonhosted.org/packages/6b/8e/8c9fe7e32fdf9c386f83d59610cc819a25dadb874b5920f2d0ef7d35f46d/publication-0.0.3.tar.gz", hash = "sha256:68416a0de76dddcdd2930d1c8ef853a743cc96c82416c4e4d3b5d901c6276dc4", size = 5484, upload-time = "2019-01-15T07:52:23.914Z" }
wheels = [
    { url = "https://files.pythonhosted.org/packages/f8/d3/6308debad7afcdb3ea5f50b4b3d852f41eb566a311fbcb4da23755a28155/publication-0.0.3-py2.py3-none-any.whl", hash = "sha256:0248885351febc11d8a1098d5c8e3ab2dabcf3e8c0c96db1e17ecd12b53afbe6", size = 7687, upload-time = "2019-01-15T07:52:22.151Z" },
]

[[package]]
name = "pybase62"
version = "1.0.0"
source = { registry = "https://pypi.org/simple" }
wheels = [
    { url = "https://files.pythonhosted.org/packages/11/07/8fe498201daece90af1725cf48d5de9d1a87ea8d457df52c986ef926ff33/pybase62-1.0.0-py3-none-any.whl", hash = "sha256:60539ad956ec9e9de091bc7ae88c9550bc2fa17f503050cf34d021b75e73cb27", size = 4913, upload-time = "2023-05-29T08:43:05.677Z" },
]

[[package]]
name = "pygments"
version = "2.20.0"
source = { registry = "https://pypi.org/simple" }
sdist = { url = "https://files.pythonhosted.org/packages/c3/b2/bc9c9196916376152d655522fdcebac55e66de6603a76a02bca1b6414f6c/pygments-2.20.0.tar.gz", hash = "sha256:6757cd03768053ff99f3039c1a36d6c0aa0b263438fcab17520b30a303a82b5f", size = 4955991, upload-time = "2026-03-29T13:29:33.898Z" }
wheels = [
    { url = "https://files.pythonhosted.org/packages/f4/7e/a72dd26f3b0f4f2bf1dd8923c85f7ceb43172af56d63c7383eb62b332364/pygments-2.20.0-py3-none-any.whl", hash = "sha256:81a9e26dd42fd28a23a2d169d86d7ac03b46e2f8b59ed4698fb4785f946d0176", size = 1231151, upload-time = "2026-03-29T13:29:30.038Z" },
]

[[package]]
name = "pytest"
version = "9.0.3"
source = { registry = "https://pypi.org/simple" }
dependencies = [
    { name = "colorama", marker = "sys_platform == 'win32'" },
    { name = "iniconfig" },
    { name = "packaging" },
    { name = "pluggy" },
    { name = "pygments" },
]
sdist = { url = "https://files.pythonhosted.org/packages/7d/0d/549bd94f1a0a402dc8cf64563a117c0f3765662e2e668477624baeec44d5/pytest-9.0.3.tar.gz", hash = "sha256:b86ada508af81d19edeb213c681b1d48246c1a91d304c6c81a427674c17eb91c", size = 1572165, upload-time = "2026-04-07T17:16:18.027Z" }
wheels = [
    { url = "https://files.pythonhosted.org/packages/d4/24/a372aaf5c9b7208e7112038812994107bc65a84cd00e0354a88c2c77a617/pytest-9.0.3-py3-none-any.whl", hash = "sha256:2c5efc453d45394fdd706ade797c0a81091eccd1d6e4bccfcd476e2b8e0ab5d9", size = 375249, upload-time = "2026-04-07T17:16:16.13Z" },
]

[[package]]
name = "python-dateutil"
version = "2.9.0.post0"
source = { registry = "https://pypi.org/simple" }
dependencies = [
    { name = "six" },
]
sdist = { url = "https://files.pythonhosted.org/packages/66/c0/0c8b6ad9f17a802ee498c46e004a0eb49bc148f2fd230864601a86dcf6db/python-dateutil-2.9.0.post0.tar.gz", hash = "sha256:37dd54208da7e1cd875388217d5e00ebd4179249f90fb72437e91a35459a0ad3", size = 342432, upload-time = "2024-03-01T18:36:20.211Z" }
wheels = [
    { url = "https://files.pythonhosted.org/packages/ec/57/56b9bcc3c9c6a792fcbaf139543cee77261f3651ca9da0c93f5c1221264b/python_dateutil-2.9.0.post0-py2.py3-none-any.whl", hash = "sha256:a8b2bc7bffae282281c8140a97d3aa9c14da0b136dfe83f850eea9a5f7470427", size = 229892, upload-time = "2024-03-01T18:36:18.57Z" },
]

[[package]]
name = "python-dotenv"
version = "1.2.2"
source = { registry = "https://pypi.org/simple" }
sdist = { url = "https://files.pythonhosted.org/packages/82/ed/0301aeeac3e5353ef3d94b6ec08bbcabd04a72018415dcb29e588514bba8/python_dotenv-1.2.2.tar.gz", hash = "sha256:2c371a91fbd7ba082c2c1dc1f8bf89ca22564a087c2c287cd9b662adde799cf3", size = 50135, upload-time = "2026-03-01T16:00:26.196Z" }
wheels = [
    { url = "https://files.pythonhosted.org/packages/0b/d7/1959b9648791274998a9c3526f6d0ec8fd2233e4d4acce81bbae76b44b2a/python_dotenv-1.2.2-py3-none-any.whl", hash = "sha256:1d8214789a24de455a8b8bd8ae6fe3c6b69a5e3d64aa8a8e5d68e694bbcb285a", size = 22101, upload-time = "2026-03-01T16:00:25.09Z" },
]

[[package]]
name = "redis"
version = "8.0.0"
source = { registry = "https://pypi.org/simple" }
dependencies = [
    { name = "async-timeout", marker = "python_full_version < '3.11.3'" },
]
sdist = { url = "https://files.pythonhosted.org/packages/53/ae/ed461cca5780b5fc8b9fe8ca0ed98d89508645fb9d880c24cc42c087678f/redis-8.0.0.tar.gz", hash = "sha256:a00c5355432051ac14e593b8b197fc76c887ee12d55a0984f69328a1115fdc49", size = 5101591, upload-time = "2026-05-28T12:45:13.5Z" }
wheels = [
    { url = "https://files.pythonhosted.org/packages/27/e3/b519734372d305bd547534a9f32e4ce9f98552af753dce72cf3483a0ff0b/redis-8.0.0-py3-none-any.whl", hash = "sha256:c938c18338585009f0bc310f4c7e4e4b4d37639356c4ac072cedf3af570c8dc7", size = 499870, upload-time = "2026-05-28T12:45:11.697Z" },
]

[[package]]
name = "s3transfer"
version = "0.18.0"
source = { registry = "https://pypi.org/simple" }
dependencies = [
    { name = "botocore" },
]
sdist = { url = "https://files.pythonhosted.org/packages/e0/1f/12417f7f493fc45e1f9fd5d4a9b6c125cf8d2cf3f8ddbdfab3e76406e9d6/s3transfer-0.18.0.tar.gz", hash = "sha256:3760b8b7ec1315da54048b2d626276732bee4300d054d492d4e1d43e20d4ecbd", size = 160560, upload-time = "2026-05-28T19:39:09.124Z" }
wheels = [
    { url = "https://files.pythonhosted.org/packages/2b/58/a58fc997655386daa2e25784e30c288aa3e3819e401f77029ee4899fb55a/s3transfer-0.18.0-py3-none-any.whl", hash = "sha256:239c13b09e65ad0346e1be7348b8a202dcad44ac7ea7c6eb858fc881dce739b6", size = 88572, upload-time = "2026-05-28T19:39:07.999Z" },
]

[[package]]
name = "six"
version = "1.17.0"
source = { registry = "https://pypi.org/simple" }
sdist = { url = "https://files.pythonhosted.org/packages/94/e7/b2c673351809dca68a0e064b6af791aa332cf192da575fd474ed7d6f16a2/six-1.17.0.tar.gz", hash = "sha256:ff70335d468e7eb6ec65b95b99d3a2836546063f63acc5171de367e834932a81", size = 34031, upload-time = "2024-12-04T17:35:28.174Z" }
wheels = [
    { url = "https://files.pythonhosted.org/packages/b7/ce/149a00dd41f10bc29e5921b496af8b574d8413afcd5e30dfa0ed46c2cc5e/six-1.17.0-py2.py3-none-any.whl", hash = "sha256:4721f391ed90541fddacab5acf947aa0d3dc7d27b2e1e8eda2be8970586c3274", size = 11050, upload-time = "2024-12-04T17:35:26.475Z" },
]

[[package]]
name = "typeguard"
version = "2.13.3"
source = { registry = "https://pypi.org/simple" }
sdist = { url = "https://files.pythonhosted.org/packages/3a/38/c61bfcf62a7b572b5e9363a802ff92559cb427ee963048e1442e3aef7490/typeguard-2.13.3.tar.gz", hash = "sha256:00edaa8da3a133674796cf5ea87d9f4b4c367d77476e185e80251cc13dfbb8c4", size = 40604, upload-time = "2021-12-10T21:09:39.158Z" }
wheels = [
    { url = "https://files.pythonhosted.org/packages/9a/bb/d43e5c75054e53efce310e79d63df0ac3f25e34c926be5dffb7d283fb2a8/typeguard-2.13.3-py3-none-any.whl", hash = "sha256:5e3e3be01e887e7eafae5af63d1f36c849aaa94e3a0112097312aabfa16284f1", size = 17605, upload-time = "2021-12-10T21:09:37.844Z" },
]

[[package]]
name = "typing-extensions"
version = "4.15.0"
source = { registry = "https://pypi.org/simple" }
sdist = { url = "https://files.pythonhosted.org/packages/72/94/1a15dd82efb362ac84269196e94cf00f187f7ed21c242792a923cdb1c61f/typing_extensions-4.15.0.tar.gz", hash = "sha256:0cea48d173cc12fa28ecabc3b837ea3cf6f38c6d1136f85cbaaf598984861466", size = 109391, upload-time = "2025-08-25T13:49:26.313Z" }
wheels = [
    { url = "https://files.pythonhosted.org/packages/18/67/36e9267722cc04a6b9f15c7f3441c2363321a3ea07da7ae0c0707beb2a9c/typing_extensions-4.15.0-py3-none-any.whl", hash = "sha256:f0fa19c6845758ab08074a0cfa8b7aecb71c999ca73d62883bc25cc018c4e548", size = 44614, upload-time = "2025-08-25T13:49:24.86Z" },
]

[[package]]
name = "url-shortener"
version = "0.1.0"
source = { virtual = "." }
dependencies = [
    { name = "aws-cdk-lib" },
    { name = "boto3" },
    { name = "constructs" },
    { name = "pybase62" },
    { name = "pytest" },
    { name = "python-dotenv" },
    { name = "redis" },
]

[package.metadata]
requires-dist = [
    { name = "aws-cdk-lib", specifier = ">=2.258.0" },
    { name = "boto3", specifier = ">=1.43.24" },
    { name = "constructs", specifier = ">=10.6.0" },
    { name = "pybase62", specifier = ">=1.0.0" },
    { name = "pytest", specifier = ">=9.0.3" },
    { name = "python-dotenv", specifier = ">=1.2.2" },
    { name = "redis", specifier = ">=8.0.0" },
]

[[package]]
name = "urllib3"
version = "2.7.0"
source = { registry = "https://pypi.org/simple" }
sdist = { url = "https://files.pythonhosted.org/packages/53/0c/06f8b233b8fd13b9e5ee11424ef85419ba0d8ba0b3138bf360be2ff56953/urllib3-2.7.0.tar.gz", hash = "sha256:231e0ec3b63ceb14667c67be60f2f2c40a518cb38b03af60abc813da26505f4c", size = 433602, upload-time = "2026-05-07T16:13:18.596Z" }
wheels = [
    { url = "https://files.pythonhosted.org/packages/7f/3e/5db95bcf282c52709639744ca2a8b149baccf648e39c8cc87553df9eae0c/urllib3-2.7.0-py3-none-any.whl", hash = "sha256:9fb4c81ebbb1ce9531cce37674bbc6f1360472bc18ca9a553ede278ef7276897", size = 131087, upload-time = "2026-05-07T16:13:17.151Z" },
]
